{
    "_readme": [
        "This file locks the dependencies of your project to a known state",
        "Read more about it at https://getcomposer.org/doc/01-basic-usage.md#installing-dependencies",
        "This file is @generated automatically"
    ],
    "content-hash": "46046d3f1be029f0d1f707e6e4557deb",
    "packages": [
        {
            "name": "pradosystems/auth",
            "version": "1.0.0",
            "dist": {
                "type": "path",
                "url": "/home/rpradorj/projects/auth-package",
                "reference": "dbe91e7ebbed6b340dbcc81956526c2f9cc5cd2c"
            },
            "require": {
                "php": "^8.2"
            },
            "require-dev": {
                "phpstan/phpstan": "^1.11",
                "phpunit/phpunit": "^10.5"
            },
            "type": "library",
            "autoload": {
                "psr-4": {
                    "PradoSystems\\Auth\\": "src/"
                },
                "files": [
                    "src/Helpers.php"
                ]
            },
            "autoload-dev": {
                "psr-4": {
                    "PradoSystems\\Auth\\Tests\\": "tests/"
                }
            },
            "scripts": {
                "test": [
                    "phpunit"
                ],
                "stan": [
                    "phpstan analyse -c phpstan.neon"
                ]
            },
            "license": [
                "MIT"
            ],
            "description": "Auth package (contracts + actions + facade) for PradoSystems.",
            "transport-options": {
                "symlink": true,
                "relative": false
            }
        }
    ],
    "packages-dev": [],
    "aliases": [],
    "minimum-stability": "dev",
    "stability-flags": {},
    "prefer-stable": true,
    "prefer-lowest": false,
    "platform": {},
    "platform-dev": {},
    "plugin-api-version": "2.6.0"
}
